// !$*UTF8*$!
{
	archiveVersion = 1;
	classes = {
	};
	objectVersion = 46;
	objects = {

/* Begin PBXBuildFile section */
		9F67C9F61DDBB1F600BFBACB /* AppDelegate.swift in Sources */ = {isa = PBXBuildFile; fileRef = 9F67C9F51DDBB1F600BFBACB /* AppDelegate.swift */; };
		9F67C9F81DDBB1F600BFBACB /* ViewController.swift in Sources */ = {isa = PBXBuildFile; fileRef = 9F67C9F71DDBB1F600BFBACB /* ViewController.swift */; };
		9F67C9FB1DDBB1F600BFBACB /* Main.storyboard in Resources */ = {isa = PBXBuildFile; fileRef = 9F67C9F91DDBB1F600BFBACB /* Main.storyboard */; };
		9F67C9FD1DDBB1F600BFBACB /* Assets.xcassets in Resources */ = {isa = PBXBuildFile; fileRef = 9F67C9FC1DDBB1F600BFBACB /* Assets.xcassets */; };
		9F67CA001DDBB1F600BFBACB /* LaunchScreen.storyboard in Resources */ = {isa = PBXBuildFile; fileRef = 9F67C9FE1DDBB1F600BFBACB /* LaunchScreen.storyboard */; };
		9F67CA0B1DDBB1F600BFBACB /* BeyondTinnitusTests.swift in Sources */ = {isa = PBXBuildFile; fileRef = 9F67CA0A1DDBB1F600BFBACB /* BeyondTinnitusTests.swift */; };
		9F67CA161DDBB33E00BFBACB /* FMSynthesizer.swift in Sources */ = {isa = PBXBuildFile; fileRef = 9F67CA151DDBB33E00BFBACB /* FMSynthesizer.swift */; };
		9F67CA181DDBB34B00BFBACB /* ToneOutputInput.swift in Sources */ = {isa = PBXBuildFile; fileRef = 9F67CA171DDBB34B00BFBACB /* ToneOutputInput.swift */; };
/* End PBXBuildFile section */

/* Begin PBXContainerItemProxy section */
		9F67CA071DDBB1F600BFBACB /* PBXContainerItemProxy */ = {
			isa = PBXContainerItemProxy;
			containerPortal = 9F67C9EA1DDBB1F500BFBACB /* Project object */;
			proxyType = 1;
			remoteGlobalIDString = 9F67C9F11DDBB1F500BFBACB;
			remoteInfo = BeyondTinnitus;
		};
/* End PBXContainerItemProxy section */

/* Begin PBXFileReference section */
		9F67C9F21DDBB1F600BFBACB /* BeyondTinnitus.app */ = {isa = PBXFileReference; explicitFileType = wrapper.application; includeInIndex = 0; path = BeyondTinnitus.app; sourceTree = BUILT_PRODUCTS_DIR; };
		9F67C9F51DDBB1F600BFBACB /* AppDelegate.swift */ = {isa = PBXFileReference; lastKnownFileType = sourcecode.swift; path = AppDelegate.swift; sourceTree = "<group>"; };
		9F67C9F71DDBB1F600BFBACB /* ViewController.swift */ = {isa = PBXFileReference; lastKnownFileType = sourcecode.swift; path = ViewController.swift; sourceTree = "<group>"; };
		9F67C9FA1DDBB1F600BFBACB /* Base */ = {isa = PBXFileReference; lastKnownFileType = file.storyboard; name = Base; path = Base.lproj/Main.storyboard; sourceTree = "<group>"; };
		9F67C9FC1DDBB1F600BFBACB /* Assets.xcassets */ = {isa = PBXFileReference; lastKnownFileType = folder.assetcatalog; path = Assets.xcassets; sourceTree = "<group>"; };
		9F67C9FF1DDBB1F600BFBACB /* Base */ = {isa = PBXFileReference; lastKnownFileType = file.storyboard; name = Base; path = Base.lproj/LaunchScreen.storyboard; sourceTree = "<group>"; };
		9F67CA011DDBB1F600BFBACB /* Info.plist */ = {isa = PBXFileReference; lastKnownFileType = text.plist.xml; path = Info.plist; sourceTree = "<group>"; };
		9F67CA061DDBB1F600BFBACB /* BeyondTinnitusTests.xctest */ = {isa = PBXFileReference; explicitFileType = wrapper.cfbundle; includeInIndex = 0; path = BeyondTinnitusTests.xctest; sourceTree = BUILT_PRODUCTS_DIR; };
		9F67CA0A1DDBB1F600BFBACB /* BeyondTinnitusTests.swift */ = {isa = PBXFileReference; lastKnownFileType = sourcecode.swift; path = BeyondTinnitusTests.swift; sourceTree = "<group>"; };
		9F67CA0C1DDBB1F600BFBACB /* Info.plist */ = {isa = PBXFileReference; lastKnownFileType = text.plist.xml; path = Info.plist; sourceTree = "<group>"; };
		9F67CA151DDBB33E00BFBACB /* FMSynthesizer.swift */ = {isa = PBXFileReference; fileEncoding = 4; lastKnownFileType = sourcecode.swift; path = FMSynthesizer.swift; sourceTree = "<group>"; };
		9F67CA171DDBB34B00BFBACB /* ToneOutputInput.swift */ = {isa = PBXFileReference; fileEncoding = 4; lastKnownFileType = sourcecode.swift; path = ToneOutputInput.swift; sourceTree = "<group>"; };
/* End PBXFileReference section */

/* Begin PBXFrameworksBuildPhase section */
		9F67C9EF1DDBB1F500BFBACB /* Frameworks */ = {
			isa = PBXFrameworksBuildPhase;
			buildActionMask = 2147483647;
			files = (
			);
			runOnlyForDeploymentPostprocessing = 0;
		};
		9F67CA031DDBB1F600BFBACB /* Frameworks */ = {
			isa = PBXFrameworksBuildPhase;
			buildActionMask = 2147483647;
			files = (
			);
			runOnlyForDeploymentPostprocessing = 0;
		};
/* End PBXFrameworksBuildPhase section */

/* Begin PBXGroup section */
		9F67C9E91DDBB1F500BFBACB = {
			isa = PBXGroup;
			children = (
				9F67C9F41DDBB1F600BFBACB /* BeyondTinnitus */,
				9F67CA091DDBB1F600BFBACB /* BeyondTinnitusTests */,
				9F67C9F31DDBB1F600BFBACB /* Products */,
			);
			sourceTree = "<group>";
		};
		9F67C9F31DDBB1F600BFBACB /* Products */ = {
			isa = PBXGroup;
			children = (
				9F67C9F21DDBB1F600BFBACB /* BeyondTinnitus.app */,
				9F67CA061DDBB1F600BFBACB /* BeyondTinnitusTests.xctest */,
			);
			name = Products;
			sourceTree = "<group>";
		};
		9F67C9F41DDBB1F600BFBACB /* BeyondTinnitus */ = {
			isa = PBXGroup;
			children = (
				9F67C9F51DDBB1F600BFBACB /* AppDelegate.swift */,
				9F67C9F71DDBB1F600BFBACB /* ViewController.swift */,
				9F67C9F91DDBB1F600BFBACB /* Main.storyboard */,
				9F67C9FC1DDBB1F600BFBACB /* Assets.xcassets */,
				9F67C9FE1DDBB1F600BFBACB /* LaunchScreen.storyboard */,
				9F67CA151DDBB33E00BFBACB /* FMSynthesizer.swift */,
				9F67CA171DDBB34B00BFBACB /* ToneOutputInput.swift */,
				9F67CA011DDBB1F600BFBACB /* Info.plist */,
			);
			path = BeyondTinnitus;
			sourceTree = "<group>";
		};
		9F67CA091DDBB1F600BFBACB /* BeyondTinnitusTests */ = {
			isa = PBXGroup;
			children = (
				9F67CA0A1DDBB1F600BFBACB /* BeyondTinnitusTests.swift */,
				9F67CA0C1DDBB1F600BFBACB /* Info.plist */,
			);
			path = BeyondTinnitusTests;
			sourceTree = "<group>";
		};
/* End PBXGroup section */

/* Begin PBXNativeTarget section */
		9F67C9F11DDBB1F500BFBACB /* BeyondTinnitus */ = {
			isa = PBXNativeTarget;
			buildConfigurationList = 9F67CA0F1DDBB1F600BFBACB /* Build configuration list for PBXNativeTarget "BeyondTinnitus" */;
			buildPhases = (
				9F67C9EE1DDBB1F500BFBACB /* Sources */,
				9F67C9EF1DDBB1F500BFBACB /* Frameworks */,
				9F67C9F01DDBB1F500BFBACB /* Resources */,
			);
			buildRules = (
			);
			dependencies = (
			);
			name = BeyondTinnitus;
			productName = BeyondTinnitus;
			productReference = 9F67C9F21DDBB1F600BFBACB /* BeyondTinnitus.app */;
			productType = "com.apple.product-type.application";
		};
		9F67CA051DDBB1F600BFBACB /* BeyondTinnitusTests */ = {
			isa = PBXNativeTarget;
			buildConfigurationList = 9F67CA121DDBB1F600BFBACB /* Build configuration list for PBXNativeTarget "BeyondTinnitusTests" */;
			buildPhases = (
				9F67CA021DDBB1F600BFBACB /* Sources */,
				9F67CA031DDBB1F600BFBACB /* Frameworks */,
				9F67CA041DDBB1F600BFBACB /* Resources */,
			);
			buildRules = (
			);
			dependencies = (
				9F67CA081DDBB1F600BFBACB /* PBXTargetDependency */,
			);
			name = BeyondTinnitusTests;
			productName = BeyondTinnitusTests;
			productReference = 9F67CA061DDBB1F600BFBACB /* BeyondTinnitusTests.xctest */;
			productType = "com.apple.product-type.bundle.unit-test";
		};
/* End PBXNativeTarget section */

/* Begin PBXProject section */
		9F67C9EA1DDBB1F500BFBACB /* Project object */ = {
			isa = PBXProject;
			attributes = {
				LastSwiftUpdateCheck = 0810;
				LastUpgradeCheck = 0810;
				ORGANIZATIONNAME = "Vincent Gentile";
				TargetAttributes = {
					9F67C9F11DDBB1F500BFBACB = {
						CreatedOnToolsVersion = 8.1;
						DevelopmentTeam = FA94GZRPLH;
						ProvisioningStyle = Automatic;
					};
					9F67CA051DDBB1F600BFBACB = {
						CreatedOnToolsVersion = 8.1;
						DevelopmentTeam = FA94GZRPLH;
						ProvisioningStyle = Automatic;
						TestTargetID = 9F67C9F11DDBB1F500BFBACB;
					};
				};
			};
			buildConfigurationList = 9F67C9ED1DDBB1F500BFBACB /* Build configuration list for PBXProject "BeyondTinnitus" */;
			compatibilityVersion = "Xcode 3.2";
			developmentRegion = English;
			hasScannedForEncodings = 0;
			knownRegions = (
				en,
				Base,
			);
			mainGroup = 9F67C9E91DDBB1F500BFBACB;
			productRefGroup = 9F67C9F31DDBB1F600BFBACB /* Products */;
			projectDirPath = "";
			projectRoot = "";
			targets = (
				9F67C9F11DDBB1F500BFBACB /* BeyondTinnitus */,
				9F67CA051DDBB1F600BFBACB /* BeyondTinnitusTests */,
			);
		};
/* End PBXProject section */

/* Begin PBXResourcesBuildPhase section */
		9F67C9F01DDBB1F500BFBACB /* Resources */ = {
			isa = PBXResourcesBuildPhase;
			buildActionMask = 2147483647;
			files = (
				9F67CA001DDBB1F600BFBACB /* LaunchScreen.storyboard in Resources */,
				9F67C9FD1DDBB1F600BFBACB /* Assets.xcassets in Resources */,
				9F67C9FB1DDBB1F600BFBACB /* Main.storyboard in Resources */,
			);
			runOnlyForDeploymentPostprocessing = 0;
		};
		9F67CA041DDBB1F600BFBACB /* Resources */ = {
			isa = PBXResourcesBuildPhase;
			buildActionMask = 2147483647;
			files = (
			);
			runOnlyForDeploymentPostprocessing = 0;
		};
/* End PBXResourcesBuildPhase section */

/* Begin PBXSourcesBuildPhase section */
		9F67C9EE1DDBB1F500BFBACB /* Sources */ = {
			isa = PBXSourcesBuildPhase;
			buildActionMask = 2147483647;
			files = (
				9F67C9F81DDBB1F600BFBACB /* ViewController.swift in Sources */,
				9F67C9F61DDBB1F600BFBACB /* AppDelegate.swift in Sources */,
				9F67CA161DDBB33E00BFBACB /* FMSynthesizer.swift in Sources */,
				9F67CA181DDBB34B00BFBACB /* ToneOutputInput.swift in Sources */,
			);
			runOnlyForDeploymentPostprocessing = 0;
		};
		9F67CA021DDBB1F600BFBACB /* Sources */ = {
			isa = PBXSourcesBuildPhase;
			buildActionMask = 2147483647;
			files = (
				9F67CA0B1DDBB1F600BFBACB /* BeyondTinnitusTests.swift in Sources */,
			);
			runOnlyForDeploymentPostprocessing = 0;
		};
/* End PBXSourcesBuildPhase section */

/* Begin PBXTargetDependency section */
		9F67CA081DDBB1F600BFBACB /* PBXTargetDependency */ = {
			isa = PBXTargetDependency;
			target = 9F67C9F11DDBB1F500BFBACB /* BeyondTinnitus */;
			targetProxy = 9F67CA071DDBB1F600BFBACB /* PBXContainerItemProxy */;
		};
/* End PBXTargetDependency section */

/* Begin PBXVariantGroup section */
		9F67C9F91DDBB1F600BFBACB /* Main.storyboard */ = {
			isa = PBXVariantGroup;
			children = (
				9F67C9FA1DDBB1F600BFBACB /* Base */,
			);
			name = Main.storyboard;
			sourceTree = "<group>";
		};
		9F67C9FE1DDBB1F600BFBACB /* LaunchScreen.storyboard */ = {
			isa = PBXVariantGroup;
			children = (
				9F67C9FF1DDBB1F600BFBACB /* Base */,
			);
			name = LaunchScreen.storyboard;
			sourceTree = "<group>";
		};
/* End PBXVariantGroup section */

/* Begin XCBuildConfiguration section */
		9F67CA0D1DDBB1F600BFBACB /* Debug */ = {
			isa = XCBuildConfiguration;
			buildSettings = {
				ALWAYS_SEARCH_USER_PATHS = NO;
				CLANG_ANALYZER_NONNULL = YES;
				CLANG_CXX_LANGUAGE_STANDARD = "gnu++0x";
				CLANG_CXX_LIBRARY = "libc++";
				CLANG_ENABLE_MODULES = YES;
				CLANG_ENABLE_OBJC_ARC = YES;
				CLANG_WARN_BOOL_CONVERSION = YES;
				CLANG_WARN_CONSTANT_CONVERSION = YES;
				CLANG_WARN_DIRECT_OBJC_ISA_USAGE = YES_ERROR;
				CLANG_WARN_DOCUMENTATION_COMMENTS = YES;
				CLANG_WARN_EMPTY_BODY = YES;
				CLANG_WARN_ENUM_CONVERSION = YES;
				CLANG_WARN_INFINITE_RECURSION = YES;
				CLANG_WARN_INT_CONVERSION = YES;
				CLANG_WARN_OBJC_ROOT_CLASS = YES_ERROR;
				CLANG_WARN_SUSPICIOUS_MOVES = YES;
				CLANG_WARN_UNREACHABLE_CODE = YES;
				CLANG_WARN__DUPLICATE_METHOD_MATCH = YES;
				"CODE_SIGN_IDENTITY[sdk=iphoneos*]" = "iPhone Developer";
				COPY_PHASE_STRIP = NO;
				DEBUG_INFORMATION_FORMAT = dwarf;
				ENABLE_STRICT_OBJC_MSGSEND = YES;
				ENABLE_TESTABILITY = YES;
				GCC_C_LANGUAGE_STANDARD = gnu99;
				GCC_DYNAMIC_NO_PIC = NO;
				GCC_NO_COMMON_BLOCKS = YES;
				GCC_OPTIMIZATION_LEVEL = 0;
				GCC_PREPROCESSOR_DEFINITIONS = (
					"DEBUG=1",
					"$(inherited)",
				);
				GCC_WARN_64_TO_32_BIT_CONVERSION = YES;
				GCC_WARN_ABOUT_RETURN_TYPE = YES_ERROR;
				GCC_WARN_UNDECLARED_SELECTOR = YES;
				GCC_WARN_UNINITIALIZED_AUTOS = YES_AGGRESSIVE;
				GCC_WARN_UNUSED_FUNCTION = YES;
				GCC_WARN_UNUSED_VARIABLE = YES;
				IPHONEOS_DEPLOYMENT_TARGET = 10.1;
				MTL_ENABLE_DEBUG_INFO = YES;
				ONLY_ACTIVE_ARCH = YES;
				SDKROOT = iphoneos;
				SWIFT_ACTIVE_COMPILATION_CONDITIONS = DEBUG;
				SWIFT_OPTIMIZATION_LEVEL = "-Onone";
			};
			name = Debug;
		};
		9F67CA0E1DDBB1F600BFBACB /* Release */ = {
			isa = XCBuildConfiguration;
			buildSettings = {
				ALWAYS_SEARCH_USER_PATHS = NO;
				CLANG_ANALYZER_NONNULL = YES;
				CLANG_CXX_LANGUAGE_STANDARD = "gnu++0x";
				CLANG_CXX_LIBRARY = "libc++";
				CLANG_ENABLE_MODULES = YES;
				CLANG_ENABLE_OBJC_ARC = YES;
				CLANG_WARN_BOOL_CONVERSION = YES;
				CLANG_WARN_CONSTANT_CONVERSION = YES;
				CLANG_WARN_DIRECT_OBJC_ISA_USAGE = YES_ERROR;
				CLANG_WARN_DOCUMENTATION_COMMENTS = YES;
				CLANG_WARN_EMPTY_BODY = YES;
				CLANG_WARN_ENUM_CONVERSION = YES;
				CLANG_WARN_INFINITE_RECURSION = YES;
				CLANG_WARN_INT_CONVERSION = YES;
				CLANG_WARN_OBJC_ROOT_CLASS = YES_ERROR;
				CLANG_WARN_SUSPICIOUS_MOVES = YES;
				CLANG_WARN_UNREACHABLE_CODE = YES;
				CLANG_WARN__DUPLICATE_METHOD_MATCH = YES;
				"CODE_SIGN_IDENTITY[sdk=iphoneos*]" = "iPhone Developer";
				COPY_PHASE_STRIP = NO;
				DEBUG_INFORMATION_FORMAT = "dwarf-with-dsym";
				ENABLE_NS_ASSERTIONS = NO;
				ENABLE_STRICT_OBJC_MSGSEND = YES;
				GCC_C_LANGUAGE_STANDARD = gnu99;
				GCC_NO_COMMON_BLOCKS = YES;
				GCC_WARN_64_TO_32_BIT_CONVERSION = YES;
				GCC_WARN_ABOUT_RETURN_TYPE = YES_ERROR;
				GCC_WARN_UNDECLARED_SELECTOR = YES;
				GCC_WARN_UNINITIALIZED_AUTOS = YES_AGGRESSIVE;
				GCC_WARN_UNUSED_FUNCTION = YES;
				GCC_WARN_UNUSED_VARIABLE = YES;
				IPHONEOS_DEPLOYMENT_TARGET = 10.1;
				MTL_ENABLE_DEBUG_INFO = NO;
				SDKROOT = iphoneos;
				SWIFT_OPTIMIZATION_LEVEL = "-Owholemodule";
				VALIDATE_PRODUCT = YES;
			};
			name = Release;
		};
		9F67CA101DDBB1F600BFBACB /* Debug */ = {
			isa = XCBuildConfiguration;
			buildSettings = {
				ASSETCATALOG_COMPILER_APPICON_NAME = AppIcon;
				DEVELOPMENT_TEAM = FA94GZRPLH;
				INFOPLIST_FILE = BeyondTinnitus/Info.plist;
				LD_RUNPATH_SEARCH_PATHS = "$(inherited) @executable_path/Frameworks";
				PRODUCT_BUNDLE_IDENTIFIER = com.MedAppJam.BeyondTinnitus;
				PRODUCT_NAME = "$(TARGET_NAME)";
				SWIFT_VERSION = 3.0;
			};
			name = Debug;
		};
		9F67CA111DDBB1F600BFBACB /* Release */ = {
			isa = XCBuildConfiguration;
			buildSettings = {
				ASSETCATALOG_COMPILER_APPICON_NAME = AppIcon;
				DEVELOPMENT_TEAM = FA94GZRPLH;
				INFOPLIST_FILE = BeyondTinnitus/Info.plist;
				LD_RUNPATH_SEARCH_PATHS = "$(inherited) @executable_path/Frameworks";
				PRODUCT_BUNDLE_IDENTIFIER = com.MedAppJam.BeyondTinnitus;
				PRODUCT_NAME = "$(TARGET_NAME)";
				SWIFT_VERSION = 3.0;
			};
			name = Release;
		};
		9F67CA131DDBB1F600BFBACB /* Debug */ = {
			isa = XCBuildConfiguration;
			buildSettings = {
				ALWAYS_EMBED_SWIFT_STANDARD_LIBRARIES = YES;
				BUNDLE_LOADER = "$(TEST_HOST)";
				DEVELOPMENT_TEAM = FA94GZRPLH;
				INFOPLIST_FILE = BeyondTinnitusTests/Info.plist;
				LD_RUNPATH_SEARCH_PATHS = "$(inherited) @executable_path/Frameworks @loader_path/Frameworks";
				PRODUCT_BUNDLE_IDENTIFIER = com.MedAppJam.BeyondTinnitusTests;
				PRODUCT_NAME = "$(TARGET_NAME)";
				SWIFT_VERSION = 3.0;
				TEST_HOST = "$(BUILT_PRODUCTS_DIR)/BeyondTinnitus.app/BeyondTinnitus";
			};
			name = Debug;
		};
		9F67CA141DDBB1F600BFBACB /* Release */ = {
			isa = XCBuildConfiguration;
			buildSettings = {
				ALWAYS_EMBED_SWIFT_STANDARD_LIBRARIES = YES;
				BUNDLE_LOADER = "$(TEST_HOST)";
				DEVELOPMENT_TEAM = FA94GZRPLH;
				INFOPLIST_FILE = BeyondTinnitusTests/Info.plist;
				LD_RUNPATH_SEARCH_PATHS = "$(inherited) @executable_path/Frameworks @loader_path/Frameworks";
				PRODUCT_BUNDLE_IDENTIFIER = com.MedAppJam.BeyondTinnitusTests;
				PRODUCT_NAME = "$(TARGET_NAME)";
				SWIFT_VERSION = 3.0;
				TEST_HOST = "$(BUILT_PRODUCTS_DIR)/BeyondTinnitus.app/BeyondTinnitus";
			};
			name = Release;
		};
/* End XCBuildConfiguration section */

/* Begin XCConfigurationList section */
		9F67C9ED1DDBB1F500BFBACB /* Build configuration list for PBXProject "BeyondTinnitus" */ = {
			isa = XCConfigurationList;
			buildConfigurations = (
				9F67CA0D1DDBB1F600BFBACB /* Debug */,
				9F67CA0E1DDBB1F600BFBACB /* Release */,
			);
			defaultConfigurationIsVisible = 0;
			defaultConfigurationName = Release;
		};
		9F67CA0F1DDBB1F600BFBACB /* Build configuration list for PBXNativeTarget "BeyondTinnitus" */ = {
			isa = XCConfigurationList;
			buildConfigurations = (
				9F67CA101DDBB1F600BFBACB /* Debug */,
				9F67CA111DDBB1F600BFBACB /* Release */,
			);
			defaultConfigurationIsVisible = 0;
		};
		9F67CA121DDBB1F600BFBACB /* Build configuration list for PBXNativeTarget "BeyondTinnitusTests" */ = {
			isa = XCConfigurationList;
			buildConfigurations = (
				9F67CA131DDBB1F600BFBACB /* Debug */,
				9F67CA141DDBB1F600BFBACB /* Release */,
			);
			defaultConfigurationIsVisible = 0;
		};
/* End XCConfigurationList section */
	};
	rootObject = 9F67C9EA1DDBB1F500BFBACB /* Project object */;
}
